
Microsoft Visual Studio Solution File, Format Version 11.00
# Visual Studio 2010
Project("{8BC9CEB8-8B4A-11D0-8D11-00A0C91BC942}") = "test", "test\test.vcxproj", "{F20A3321-3B66-4CDB-B91F-09F0F15D9893}"
EndProject
Global
	GlobalSection(SolutionConfigurationPlatforms) = preSolution
		Debug|Win32 = Debug|Win32
		Release|Win32 = Release|Win32
	EndGlobalSection
	GlobalSection(ProjectConfigurationPlatforms) = postSolution
		{F20A3321-3B66-4CDB-B91F-09F0F15D9893}.Debug|Win32.ActiveCfg = Debug|Win32
		{F20A3321-3B66-4CDB-B91F-09F0F15D9893}.Debug|Win32.Build.0 = Debug|Win32
		{F20A3321-3B66-4CDB-B91F-09F0F15D9893}.Release|Win32.ActiveCfg = Release|Win32
		{F20A3321-3B66-4CDB-B91F-09F0F15D9893}.Release|Win32.Build.0 = Release|Win32
	EndGlobalSection
	GlobalSection(SolutionProperties) = preSolution
		HideSolutionNode = FALSE
	EndGlobalSection
EndGlobal
